
Microsoft Visual Studio Solution File, Format Version 12.00
# Visual Studio Version 17
VisualStudioVersion = 17.8.34330.188
MinimumVisualStudioVersion = 10.0.40219.1
Project("{FAE04EC0-301F-11D3-BF4B-00C04F79EFBC}") = "Chess-console", "Chess-console\Chess-console.csproj", "{84713E4D-6A98-4240-BFCA-39CCB83A37FB}"
EndProject
Global
	GlobalSection(SolutionConfigurationPlatforms) = preSolution
		Debug|Any CPU = Debug|Any CPU
		Release|Any CPU = Release|Any CPU
	EndGlobalSection
	GlobalSection(ProjectConfigurationPlatforms) = postSolution
		{84713E4D-6A98-4240-BFCA-39CCB83A37FB}.Debug|Any CPU.ActiveCfg = Debug|Any CPU
		{84713E4D-6A98-4240-BFCA-39CCB83A37FB}.Debug|Any CPU.Build.0 = Debug|Any CPU
		{84713E4D-6A98-4240-BFCA-39CCB83A37FB}.Release|Any CPU.ActiveCfg = Release|Any CPU
		{84713E4D-6A98-4240-BFCA-39CCB83A37FB}.Release|Any CPU.Build.0 = Release|Any CPU
	EndGlobalSection
	GlobalSection(SolutionProperties) = preSolution
		HideSolutionNode = FALSE
	EndGlobalSection
	GlobalSection(ExtensibilityGlobals) = postSolution
		SolutionGuid = {C968C516-9898-4B6D-9B23-D417E94FBC88}
	EndGlobalSection
EndGlobal
